# This file is automatically @generated by Cargo.
# It is not intended for manual editing.
version = 4

[[package]]
name = "rucc-cross"
version = "0.1.0"
dependencies = [
 "rucc-tuple",
]

[[package]]
name = "rucc-tuple"
version = "0.1.0"

[[package]]
name = "xtask"
version = "0.1.0"
dependencies = [
 "rucc-tuple",
]
